// !$*UTF8*$!
{
	archiveVersion = 1;
	classes = {
	};
	objectVersion = 77;
	objects = {

/* Begin PBXBuildFile section */
		010CFB0B4DFB49F0AE5FCEEC /* SupabaseManager.swift in Sources */ = {isa = PBXBuildFile; fileRef = 1D0F86CFE500821816EA7BD4 /* SupabaseManager.swift */; };
		04FD4852FEDF6AA32DE4C4F8 /* UpdateCheckerTests.swift in Sources */ = {isa = PBXBuildFile; fileRef = 60A8FF4470D4DB137740625F /* UpdateCheckerTests.swift */; };
		07253F52A6A1DB72EA3DED03 /* SoundPlayer.swift in Sources */ = {isa = PBXBuildFile; fileRef = FC07C149D73CD17D839F01C2 /* SoundPlayer.swift */; };
		08E6F12E335AEA73D7A34915 /* MenuBarView.swift in Sources */ = {isa = PBXBuildFile; fileRef = CABF93874DB67B140C6F2650 /* MenuBarView.swift */; };
		17D17A0BFD35B4B78176F539 /* MainWindowView.swift in Sources */ = {isa = PBXBuildFile; fileRef = F114C9B8DDFC0A4AF766F1E9 /* MainWindowView.swift */; };
		1B3A1FF4765C36046D47696A /* UpdateChecker.swift in Sources */ = {isa = PBXBuildFile; fileRef = 862EA84D0960CBEDDA80136C /* UpdateChecker.swift */; };
		1D9C2CF2312CD60640217614 /* ContextDetector.swift in Sources */ = {isa = PBXBuildFile; fileRef = C8D9AADB5CE33F6B81A7C82F /* ContextDetector.swift */; };
		1F6C4B65B8D3E03B384C0948 /* PasteServiceTests.swift in Sources */ = {isa = PBXBuildFile; fileRef = 8F3E8CD0EDF67C4A24A920BB /* PasteServiceTests.swift */; };
		22535BF749A75C10D25D824F /* HandyApp.swift in Sources */ = {isa = PBXBuildFile; fileRef = 54F11031FBC36722CAD2E370 /* HandyApp.swift */; };
		22D6604BAC731FBB5EC4BFC7 /* SettingsPage.swift in Sources */ = {isa = PBXBuildFile; fileRef = 9A471F31DA5DF488577A5A40 /* SettingsPage.swift */; };
		244E153E0EF73650CCDB936A /* ModelManagerView.swift in Sources */ = {isa = PBXBuildFile; fileRef = 9BB46FB191A831042F856AD7 /* ModelManagerView.swift */; };
		24C132B14B4C73E464ACAEEF /* AudioRecorder.swift in Sources */ = {isa = PBXBuildFile; fileRef = 47B8187413C3A61E8B533658 /* AudioRecorder.swift */; };
		29BA7C8E3F91C38189B30F0A /* Transcription.swift in Sources */ = {isa = PBXBuildFile; fileRef = 1AD9C2BC471C1B09FFDAB35C /* Transcription.swift */; };
		29DF11335EFF467878DF3074 /* AudioRecorderTests.swift in Sources */ = {isa = PBXBuildFile; fileRef = 9EDF45E2AB478E3E848060CD /* AudioRecorderTests.swift */; };
		2E27952F22B3BBCB2C793F80 /* HomePage.swift in Sources */ = {isa = PBXBuildFile; fileRef = AB6344E218E635A7A9EEF01C /* HomePage.swift */; };
		32A78F3FC03B2FE58BCA2B62 /* CloudProviderTests.swift in Sources */ = {isa = PBXBuildFile; fileRef = 6E2787A984085943BADA083E /* CloudProviderTests.swift */; };
		35E7CA7F777D936CD84D4B1E /* KeychainService.swift in Sources */ = {isa = PBXBuildFile; fileRef = 92B99045B4D85324498ADA48 /* KeychainService.swift */; };
		35E9B091CBFBD8EC7D7D2D0C /* SettingsTests.swift in Sources */ = {isa = PBXBuildFile; fileRef = A24067E156E277B8B0016EC6 /* SettingsTests.swift */; };
		3B64B7A62F6041AC008AE046 /* GlassModifiers.swift in Sources */ = {isa = PBXBuildFile; fileRef = 3B64B7A52F6041AC008AE046 /* GlassModifiers.swift */; };
		3B64B7AE2F60765D008AE046 /* OnboardingView.swift in Sources */ = {isa = PBXBuildFile; fileRef = 3B64B7AD2F60765D008AE046 /* OnboardingView.swift */; };
		3CC28CFA1F83F10B280B46ED /* SettingsPersistenceTests.swift in Sources */ = {isa = PBXBuildFile; fileRef = DE4B5BB8C5A9F23B974D6E5C /* SettingsPersistenceTests.swift */; };
		45A3AEF828CA60D8247A1370 /* RecordingOverlay.swift in Sources */ = {isa = PBXBuildFile; fileRef = E637AE65F9E8AAF5433851ED /* RecordingOverlay.swift */; };
		4658CAA02DCDB05A05892B94 /* LocalTranscriber.swift in Sources */ = {isa = PBXBuildFile; fileRef = FA6B5F5B1761C501085AA83C /* LocalTranscriber.swift */; };
		48300387E970F137810287BD /* SoundPlayerTests.swift in Sources */ = {isa = PBXBuildFile; fileRef = 380011F78CACDD12EBEDF338 /* SoundPlayerTests.swift */; };
		5566C031ED62703C4D81CDBD /* KeychainServiceTests.swift in Sources */ = {isa = PBXBuildFile; fileRef = CE8B8BD2F44686ACE30FD620 /* KeychainServiceTests.swift */; };
		5E45E64144B099264D3D26C3 /* ModelsPage.swift in Sources */ = {isa = PBXBuildFile; fileRef = 439635814DF915776380AE24 /* ModelsPage.swift */; };
		5F7EF9AACA3C0E10BDC97E79 /* Assets.xcassets in Resources */ = {isa = PBXBuildFile; fileRef = 1058B6364A4CD0B42EC3E508 /* Assets.xcassets */; };
		6063FD55F1D7463A81066B6C /* CloudTranscriber.swift in Sources */ = {isa = PBXBuildFile; fileRef = 8852A622A369F7E28258BD75 /* CloudTranscriber.swift */; };
		60F7CD2A6A69E5534189EE69 /* CloudTranscriberTests.swift in Sources */ = {isa = PBXBuildFile; fileRef = 9AD222118BF69E9A4037D3B2 /* CloudTranscriberTests.swift */; };
		63E76FD9B57934D0D151C021 /* DictionaryPage.swift in Sources */ = {isa = PBXBuildFile; fileRef = A3A7B8A2D3D74E5C3B33F97A /* DictionaryPage.swift */; };
		66A2BFC6A8C3541690094A0E /* UserDataManager.swift in Sources */ = {isa = PBXBuildFile; fileRef = 33AA9CD78FC66581250A4AB4 /* UserDataManager.swift */; };
		7DF945B49113A2C982699D74 /* SettingsView.swift in Sources */ = {isa = PBXBuildFile; fileRef = 53238047DBF13F5A3A8162BC /* SettingsView.swift */; };
		7F20824E49BCAADA9471F5E1 /* HotkeyManager.swift in Sources */ = {isa = PBXBuildFile; fileRef = 91CE000C5C73C426E86FC094 /* HotkeyManager.swift */; };
		82BD350E9576A63AC380730E /* TextCleanupTests.swift in Sources */ = {isa = PBXBuildFile; fileRef = A10DE4408723194C4FF94657 /* TextCleanupTests.swift */; };
		93E534A1D5C12E947FBB5636 /* TextCleanup.swift in Sources */ = {isa = PBXBuildFile; fileRef = 580129C82C30BA3FCE323C01 /* TextCleanup.swift */; };
		95EA466C76EAC47FC1711E7D /* PasteService.swift in Sources */ = {isa = PBXBuildFile; fileRef = 755EE22AD95B75E833EA3970 /* PasteService.swift */; };
		9AC7E070B2AEA1B99FB3BCA9 /* SoundSettingsView.swift in Sources */ = {isa = PBXBuildFile; fileRef = 23FD40C723B14885D52424CC /* SoundSettingsView.swift */; };
		9BA6721AECE508A6F324FA18 /* ContextDetectorTests.swift in Sources */ = {isa = PBXBuildFile; fileRef = 08CCE3328C94414DCBCC431D /* ContextDetectorTests.swift */; };
		A1CAD3D8CE23F06CFF82AD8E /* WaveformView.swift in Sources */ = {isa = PBXBuildFile; fileRef = FD79186D2D284C30B8EDEE09 /* WaveformView.swift */; };
		B2AC6ABD15E9F0B8E790831E /* CleanupSettingsView.swift in Sources */ = {isa = PBXBuildFile; fileRef = 86B9869CCE85AC704FF1E3E1 /* CleanupSettingsView.swift */; };
		B3C6479FD543F0019004AD88 /* AccountView.swift in Sources */ = {isa = PBXBuildFile; fileRef = 24E362963D369A837CED7DE0 /* AccountView.swift */; };
		B7F70E16E8945CA151862912 /* TranscriptionTests.swift in Sources */ = {isa = PBXBuildFile; fileRef = 4E8626E65CB99DED9F97A36E /* TranscriptionTests.swift */; };
		BAAB5B142954AFAB148EB715 /* AppStateTests.swift in Sources */ = {isa = PBXBuildFile; fileRef = 147E6E578D498C03BBE10389 /* AppStateTests.swift */; };
		BCA45C87F42A550BBE97A6D7 /* MeetingNotesPage.swift in Sources */ = {isa = PBXBuildFile; fileRef = 5895E2BE8B96B913C6287233 /* MeetingNotesPage.swift */; };
		C141BB52A6FB9D023C7E478B /* CloudProvider.swift in Sources */ = {isa = PBXBuildFile; fileRef = BCB6C0F276F0B81FC63FCCF8 /* CloudProvider.swift */; };
		C7429F1F67FAF5DA06F20738 /* SettingsPersistence.swift in Sources */ = {isa = PBXBuildFile; fileRef = 7253ABC312140AF993E91FCC /* SettingsPersistence.swift */; };
		C876C74AB6D1246FE0056BEE /* AppState.swift in Sources */ = {isa = PBXBuildFile; fileRef = 843B264F3CDF2301340F1874 /* AppState.swift */; };
		D5D630819A6895460A973EC3 /* HotkeySettingsView.swift in Sources */ = {isa = PBXBuildFile; fileRef = 75250F0CF1D3ED995BE3D8A0 /* HotkeySettingsView.swift */; };
		DA037B70F15D0B0D44B42691 /* OverlaySettingsView.swift in Sources */ = {isa = PBXBuildFile; fileRef = 37AE501024792B6EF84EFC1C /* OverlaySettingsView.swift */; };
		E1CE6D2135A7AA75298CB4E1 /* TranscriptionSettingsView.swift in Sources */ = {isa = PBXBuildFile; fileRef = 39C3DEEDB4E3EA41E6D49474 /* TranscriptionSettingsView.swift */; };
		F48001F89120077A08E8ADB6 /* TranscribePage.swift in Sources */ = {isa = PBXBuildFile; fileRef = CFB428842D0EE4D8FA3CDDB7 /* TranscribePage.swift */; };
		F95A7FCB91A6E50708C5E06A /* Settings.swift in Sources */ = {isa = PBXBuildFile; fileRef = 36EE0C9695E55C26BBCDDD00 /* Settings.swift */; };
/* End PBXBuildFile section */

/* Begin PBXContainerItemProxy section */
		D87A81F9B7404421A083888A /* PBXContainerItemProxy */ = {
			isa = PBXContainerItemProxy;
			containerPortal = CFC033FECF609120EED2B859 /* Project object */;
			proxyType = 1;
			remoteGlobalIDString = F5CAEC18E8D3B71D59B0940D;
			remoteInfo = Handy;
		};
/* End PBXContainerItemProxy section */

/* Begin PBXFileReference section */
		08CCE3328C94414DCBCC431D /* ContextDetectorTests.swift */ = {isa = PBXFileReference; lastKnownFileType = sourcecode.swift; path = ContextDetectorTests.swift; sourceTree = "<group>"; };
		1058B6364A4CD0B42EC3E508 /* Assets.xcassets */ = {isa = PBXFileReference; lastKnownFileType = folder.assetcatalog; path = Assets.xcassets; sourceTree = "<group>"; };
		147E6E578D498C03BBE10389 /* AppStateTests.swift */ = {isa = PBXFileReference; lastKnownFileType = sourcecode.swift; path = AppStateTests.swift; sourceTree = "<group>"; };
		1888ED373AFB5324E522D399 /* Handy.app */ = {isa = PBXFileReference; explicitFileType = wrapper.application; includeInIndex = 0; path = Handy.app; sourceTree = BUILT_PRODUCTS_DIR; };
		1AD9C2BC471C1B09FFDAB35C /* Transcription.swift */ = {isa = PBXFileReference; lastKnownFileType = sourcecode.swift; path = Transcription.swift; sourceTree = "<group>"; };
		1D0F86CFE500821816EA7BD4 /* SupabaseManager.swift */ = {isa = PBXFileReference; lastKnownFileType = sourcecode.swift; path = SupabaseManager.swift; sourceTree = "<group>"; };
		23FD40C723B14885D52424CC /* SoundSettingsView.swift */ = {isa = PBXFileReference; lastKnownFileType = sourcecode.swift; path = SoundSettingsView.swift; sourceTree = "<group>"; };
		24E362963D369A837CED7DE0 /* AccountView.swift */ = {isa = PBXFileReference; lastKnownFileType = sourcecode.swift; path = AccountView.swift; sourceTree = "<group>"; };
		33AA9CD78FC66581250A4AB4 /* UserDataManager.swift */ = {isa = PBXFileReference; lastKnownFileType = sourcecode.swift; path = UserDataManager.swift; sourceTree = "<group>"; };
		36EE0C9695E55C26BBCDDD00 /* Settings.swift */ = {isa = PBXFileReference; lastKnownFileType = sourcecode.swift; path = Settings.swift; sourceTree = "<group>"; };
		37AE501024792B6EF84EFC1C /* OverlaySettingsView.swift */ = {isa = PBXFileReference; lastKnownFileType = sourcecode.swift; path = OverlaySettingsView.swift; sourceTree = "<group>"; };
		380011F78CACDD12EBEDF338 /* SoundPlayerTests.swift */ = {isa = PBXFileReference; lastKnownFileType = sourcecode.swift; path = SoundPlayerTests.swift; sourceTree = "<group>"; };
		39C3DEEDB4E3EA41E6D49474 /* TranscriptionSettingsView.swift */ = {isa = PBXFileReference; lastKnownFileType = sourcecode.swift; path = TranscriptionSettingsView.swift; sourceTree = "<group>"; };
		3B64B7A52F6041AC008AE046 /* GlassModifiers.swift */ = {isa = PBXFileReference; lastKnownFileType = sourcecode.swift; path = GlassModifiers.swift; sourceTree = "<group>"; };
		3B64B7AD2F60765D008AE046 /* OnboardingView.swift */ = {isa = PBXFileReference; lastKnownFileType = sourcecode.swift; path = OnboardingView.swift; sourceTree = "<group>"; };
		439635814DF915776380AE24 /* ModelsPage.swift */ = {isa = PBXFileReference; lastKnownFileType = sourcecode.swift; path = ModelsPage.swift; sourceTree = "<group>"; };
		47B8187413C3A61E8B533658 /* AudioRecorder.swift */ = {isa = PBXFileReference; lastKnownFileType = sourcecode.swift; path = AudioRecorder.swift; sourceTree = "<group>"; };
		4A54B67851FA2CA5AF23985D /* HandyTests.xctest */ = {isa = PBXFileReference; explicitFileType = wrapper.cfbundle; includeInIndex = 0; path = HandyTests.xctest; sourceTree = BUILT_PRODUCTS_DIR; };
		4E8626E65CB99DED9F97A36E /* TranscriptionTests.swift */ = {isa = PBXFileReference; lastKnownFileType = sourcecode.swift; path = TranscriptionTests.swift; sourceTree = "<group>"; };
		53238047DBF13F5A3A8162BC /* SettingsView.swift */ = {isa = PBXFileReference; lastKnownFileType = sourcecode.swift; path = SettingsView.swift; sourceTree = "<group>"; };
		54F11031FBC36722CAD2E370 /* HandyApp.swift */ = {isa = PBXFileReference; lastKnownFileType = sourcecode.swift; path = HandyApp.swift; sourceTree = "<group>"; };
		580129C82C30BA3FCE323C01 /* TextCleanup.swift */ = {isa = PBXFileReference; lastKnownFileType = sourcecode.swift; path = TextCleanup.swift; sourceTree = "<group>"; };
		5895E2BE8B96B913C6287233 /* MeetingNotesPage.swift */ = {isa = PBXFileReference; lastKnownFileType = sourcecode.swift; path = MeetingNotesPage.swift; sourceTree = "<group>"; };
		60A8FF4470D4DB137740625F /* UpdateCheckerTests.swift */ = {isa = PBXFileReference; lastKnownFileType = sourcecode.swift; path = UpdateCheckerTests.swift; sourceTree = "<group>"; };
		6E2787A984085943BADA083E /* CloudProviderTests.swift */ = {isa = PBXFileReference; lastKnownFileType = sourcecode.swift; path = CloudProviderTests.swift; sourceTree = "<group>"; };
		7253ABC312140AF993E91FCC /* SettingsPersistence.swift */ = {isa = PBXFileReference; lastKnownFileType = sourcecode.swift; path = SettingsPersistence.swift; sourceTree = "<group>"; };
		75250F0CF1D3ED995BE3D8A0 /* HotkeySettingsView.swift */ = {isa = PBXFileReference; lastKnownFileType = sourcecode.swift; path = HotkeySettingsView.swift; sourceTree = "<group>"; };
		755EE22AD95B75E833EA3970 /* PasteService.swift */ = {isa = PBXFileReference; lastKnownFileType = sourcecode.swift; path = PasteService.swift; sourceTree = "<group>"; };
		843B264F3CDF2301340F1874 /* AppState.swift */ = {isa = PBXFileReference; lastKnownFileType = sourcecode.swift; path = AppState.swift; sourceTree = "<group>"; };
		862EA84D0960CBEDDA80136C /* UpdateChecker.swift */ = {isa = PBXFileReference; lastKnownFileType = sourcecode.swift; path = UpdateChecker.swift; sourceTree = "<group>"; };
		86B9869CCE85AC704FF1E3E1 /* CleanupSettingsView.swift */ = {isa = PBXFileReference; lastKnownFileType = sourcecode.swift; path = CleanupSettingsView.swift; sourceTree = "<group>"; };
		8852A622A369F7E28258BD75 /* CloudTranscriber.swift */ = {isa = PBXFileReference; lastKnownFileType = sourcecode.swift; path = CloudTranscriber.swift; sourceTree = "<group>"; };
		8F3E8CD0EDF67C4A24A920BB /* PasteServiceTests.swift */ = {isa = PBXFileReference; lastKnownFileType = sourcecode.swift; path = PasteServiceTests.swift; sourceTree = "<group>"; };
		91CE000C5C73C426E86FC094 /* HotkeyManager.swift */ = {isa = PBXFileReference; lastKnownFileType = sourcecode.swift; path = HotkeyManager.swift; sourceTree = "<group>"; };
		92B99045B4D85324498ADA48 /* KeychainService.swift */ = {isa = PBXFileReference; lastKnownFileType = sourcecode.swift; path = KeychainService.swift; sourceTree = "<group>"; };
		9A471F31DA5DF488577A5A40 /* SettingsPage.swift */ = {isa = PBXFileReference; lastKnownFileType = sourcecode.swift; path = SettingsPage.swift; sourceTree = "<group>"; };
		9AD222118BF69E9A4037D3B2 /* CloudTranscriberTests.swift */ = {isa = PBXFileReference; lastKnownFileType = sourcecode.swift; path = CloudTranscriberTests.swift; sourceTree = "<group>"; };
		9BB46FB191A831042F856AD7 /* ModelManagerView.swift */ = {isa = PBXFileReference; lastKnownFileType = sourcecode.swift; path = ModelManagerView.swift; sourceTree = "<group>"; };
		9EDF45E2AB478E3E848060CD /* AudioRecorderTests.swift */ = {isa = PBXFileReference; lastKnownFileType = sourcecode.swift; path = AudioRecorderTests.swift; sourceTree = "<group>"; };
		A10DE4408723194C4FF94657 /* TextCleanupTests.swift */ = {isa = PBXFileReference; lastKnownFileType = sourcecode.swift; path = TextCleanupTests.swift; sourceTree = "<group>"; };
		A24067E156E277B8B0016EC6 /* SettingsTests.swift */ = {isa = PBXFileReference; lastKnownFileType = sourcecode.swift; path = SettingsTests.swift; sourceTree = "<group>"; };
		A3A7B8A2D3D74E5C3B33F97A /* DictionaryPage.swift */ = {isa = PBXFileReference; lastKnownFileType = sourcecode.swift; path = DictionaryPage.swift; sourceTree = "<group>"; };
		AB6344E218E635A7A9EEF01C /* HomePage.swift */ = {isa = PBXFileReference; lastKnownFileType = sourcecode.swift; path = HomePage.swift; sourceTree = "<group>"; };
		BCB6C0F276F0B81FC63FCCF8 /* CloudProvider.swift */ = {isa = PBXFileReference; lastKnownFileType = sourcecode.swift; path = CloudProvider.swift; sourceTree = "<group>"; };
		C8D9AADB5CE33F6B81A7C82F /* ContextDetector.swift */ = {isa = PBXFileReference; lastKnownFileType = sourcecode.swift; path = ContextDetector.swift; sourceTree = "<group>"; };
		CABF93874DB67B140C6F2650 /* MenuBarView.swift */ = {isa = PBXFileReference; lastKnownFileType = sourcecode.swift; path = MenuBarView.swift; sourceTree = "<group>"; };
		CE8B8BD2F44686ACE30FD620 /* KeychainServiceTests.swift */ = {isa = PBXFileReference; lastKnownFileType = sourcecode.swift; path = KeychainServiceTests.swift; sourceTree = "<group>"; };
		CFB428842D0EE4D8FA3CDDB7 /* TranscribePage.swift */ = {isa = PBXFileReference; lastKnownFileType = sourcecode.swift; path = TranscribePage.swift; sourceTree = "<group>"; };
		D9387AE022F341C226349B8D /* Info.plist */ = {isa = PBXFileReference; lastKnownFileType = text.plist; path = Info.plist; sourceTree = "<group>"; };
		DE4B5BB8C5A9F23B974D6E5C /* SettingsPersistenceTests.swift */ = {isa = PBXFileReference; lastKnownFileType = sourcecode.swift; path = SettingsPersistenceTests.swift; sourceTree = "<group>"; };
		E1A92D89BC70E5E62B4D3DCB /* Handy.entitlements */ = {isa = PBXFileReference; lastKnownFileType = text.plist.entitlements; path = Handy.entitlements; sourceTree = "<group>"; };
		E637AE65F9E8AAF5433851ED /* RecordingOverlay.swift */ = {isa = PBXFileReference; lastKnownFileType = sourcecode.swift; path = RecordingOverlay.swift; sourceTree = "<group>"; };
		F114C9B8DDFC0A4AF766F1E9 /* MainWindowView.swift */ = {isa = PBXFileReference; lastKnownFileType = sourcecode.swift; path = MainWindowView.swift; sourceTree = "<group>"; };
		FA6B5F5B1761C501085AA83C /* LocalTranscriber.swift */ = {isa = PBXFileReference; lastKnownFileType = sourcecode.swift; path = LocalTranscriber.swift; sourceTree = "<group>"; };
		FC07C149D73CD17D839F01C2 /* SoundPlayer.swift */ = {isa = PBXFileReference; lastKnownFileType = sourcecode.swift; path = SoundPlayer.swift; sourceTree = "<group>"; };
		FD79186D2D284C30B8EDEE09 /* WaveformView.swift */ = {isa = PBXFileReference; lastKnownFileType = sourcecode.swift; path = WaveformView.swift; sourceTree = "<group>"; };
/* End PBXFileReference section */

/* Begin PBXGroup section */
		07420E9FC0C7098A4ADA8F55 /* Models */ = {
			isa = PBXGroup;
			children = (
				843B264F3CDF2301340F1874 /* AppState.swift */,
				BCB6C0F276F0B81FC63FCCF8 /* CloudProvider.swift */,
				36EE0C9695E55C26BBCDDD00 /* Settings.swift */,
				1AD9C2BC471C1B09FFDAB35C /* Transcription.swift */,
			);
			path = Models;
			sourceTree = "<group>";
		};
		16B6DD6CDD92AEF8C12A33C7 /* Resources */ = {
			isa = PBXGroup;
			children = (
				1058B6364A4CD0B42EC3E508 /* Assets.xcassets */,
			);
			path = Resources;
			sourceTree = "<group>";
		};
		40D3D23A0B9549A0C940BB46 /* Auth */ = {
			isa = PBXGroup;
			children = (
				1D0F86CFE500821816EA7BD4 /* SupabaseManager.swift */,
				33AA9CD78FC66581250A4AB4 /* UserDataManager.swift */,
			);
			path = Auth;
			sourceTree = "<group>";
		};
		4B2962B88435CC33275FA3F0 = {
			isa = PBXGroup;
			children = (
				6E0151017D5996C0DD7B7390 /* Handy */,
				6AABD98DF8731FC3F17C34F5 /* HandyTests */,
				EB5BD9E30F130463A6A1582F /* Products */,
			);
			sourceTree = "<group>";
		};
		4E05343B42F27CE6B7D50B14 /* Overlay */ = {
			isa = PBXGroup;
			children = (
				E637AE65F9E8AAF5433851ED /* RecordingOverlay.swift */,
				FD79186D2D284C30B8EDEE09 /* WaveformView.swift */,
			);
			path = Overlay;
			sourceTree = "<group>";
		};
		6AABD98DF8731FC3F17C34F5 /* HandyTests */ = {
			isa = PBXGroup;
			children = (
				147E6E578D498C03BBE10389 /* AppStateTests.swift */,
				9EDF45E2AB478E3E848060CD /* AudioRecorderTests.swift */,
				6E2787A984085943BADA083E /* CloudProviderTests.swift */,
				9AD222118BF69E9A4037D3B2 /* CloudTranscriberTests.swift */,
				08CCE3328C94414DCBCC431D /* ContextDetectorTests.swift */,
				CE8B8BD2F44686ACE30FD620 /* KeychainServiceTests.swift */,
				8F3E8CD0EDF67C4A24A920BB /* PasteServiceTests.swift */,
				DE4B5BB8C5A9F23B974D6E5C /* SettingsPersistenceTests.swift */,
				A24067E156E277B8B0016EC6 /* SettingsTests.swift */,
				380011F78CACDD12EBEDF338 /* SoundPlayerTests.swift */,
				A10DE4408723194C4FF94657 /* TextCleanupTests.swift */,
				4E8626E65CB99DED9F97A36E /* TranscriptionTests.swift */,
				60A8FF4470D4DB137740625F /* UpdateCheckerTests.swift */,
			);
			path = HandyTests;
			sourceTree = "<group>";
		};
		6E0151017D5996C0DD7B7390 /* Handy */ = {
			isa = PBXGroup;
			children = (
				E1A92D89BC70E5E62B4D3DCB /* Handy.entitlements */,
				54F11031FBC36722CAD2E370 /* HandyApp.swift */,
				D9387AE022F341C226349B8D /* Info.plist */,
				40D3D23A0B9549A0C940BB46 /* Auth */,
				07420E9FC0C7098A4ADA8F55 /* Models */,
				4E05343B42F27CE6B7D50B14 /* Overlay */,
				16B6DD6CDD92AEF8C12A33C7 /* Resources */,
				C62DB66765AD28211DEE2D8C /* Services */,
				DAE1426B838025284BDF8ED4 /* Views */,
			);
			path = Handy;
			sourceTree = "<group>";
		};
		8E4B67D438B57675EE4FF42C /* Pages */ = {
			isa = PBXGroup;
			children = (
				A3A7B8A2D3D74E5C3B33F97A /* DictionaryPage.swift */,
				AB6344E218E635A7A9EEF01C /* HomePage.swift */,
				5895E2BE8B96B913C6287233 /* MeetingNotesPage.swift */,
				439635814DF915776380AE24 /* ModelsPage.swift */,
				9A471F31DA5DF488577A5A40 /* SettingsPage.swift */,
				CFB428842D0EE4D8FA3CDDB7 /* TranscribePage.swift */,
				3B64B7AD2F60765D008AE046 /* OnboardingView.swift */,
			);
			path = Pages;
			sourceTree = "<group>";
		};
		C62DB66765AD28211DEE2D8C /* Services */ = {
			isa = PBXGroup;
			children = (
				47B8187413C3A61E8B533658 /* AudioRecorder.swift */,
				8852A622A369F7E28258BD75 /* CloudTranscriber.swift */,
				C8D9AADB5CE33F6B81A7C82F /* ContextDetector.swift */,
				91CE000C5C73C426E86FC094 /* HotkeyManager.swift */,
				92B99045B4D85324498ADA48 /* KeychainService.swift */,
				FA6B5F5B1761C501085AA83C /* LocalTranscriber.swift */,
				755EE22AD95B75E833EA3970 /* PasteService.swift */,
				7253ABC312140AF993E91FCC /* SettingsPersistence.swift */,
				FC07C149D73CD17D839F01C2 /* SoundPlayer.swift */,
				580129C82C30BA3FCE323C01 /* TextCleanup.swift */,
				862EA84D0960CBEDDA80136C /* UpdateChecker.swift */,
			);
			path = Services;
			sourceTree = "<group>";
		};
		DAE1426B838025284BDF8ED4 /* Views */ = {
			isa = PBXGroup;
			children = (
				24E362963D369A837CED7DE0 /* AccountView.swift */,
				86B9869CCE85AC704FF1E3E1 /* CleanupSettingsView.swift */,
				75250F0CF1D3ED995BE3D8A0 /* HotkeySettingsView.swift */,
				F114C9B8DDFC0A4AF766F1E9 /* MainWindowView.swift */,
				CABF93874DB67B140C6F2650 /* MenuBarView.swift */,
				9BB46FB191A831042F856AD7 /* ModelManagerView.swift */,
				37AE501024792B6EF84EFC1C /* OverlaySettingsView.swift */,
				53238047DBF13F5A3A8162BC /* SettingsView.swift */,
				23FD40C723B14885D52424CC /* SoundSettingsView.swift */,
				39C3DEEDB4E3EA41E6D49474 /* TranscriptionSettingsView.swift */,
				8E4B67D438B57675EE4FF42C /* Pages */,
				3B64B7A52F6041AC008AE046 /* GlassModifiers.swift */,
			);
			path = Views;
			sourceTree = "<group>";
		};
		EB5BD9E30F130463A6A1582F /* Products */ = {
			isa = PBXGroup;
			children = (
				1888ED373AFB5324E522D399 /* Handy.app */,
				4A54B67851FA2CA5AF23985D /* HandyTests.xctest */,
			);
			name = Products;
			sourceTree = "<group>";
		};
/* End PBXGroup section */

/* Begin PBXNativeTarget section */
		772B53115F65BE17D0F10695 /* HandyTests */ = {
			isa = PBXNativeTarget;
			buildConfigurationList = CBCCD38A60CF160367B65963 /* Build configuration list for PBXNativeTarget "HandyTests" */;
			buildPhases = (
				87DCFE17E3946F88265BAB66 /* Sources */,
			);
			buildRules = (
			);
			dependencies = (
				8867BCF51012340EFC656D30 /* PBXTargetDependency */,
			);
			name = HandyTests;
			packageProductDependencies = (
			);
			productName = HandyTests;
			productReference = 4A54B67851FA2CA5AF23985D /* HandyTests.xctest */;
			productType = "com.apple.product-type.bundle.unit-test";
		};
		F5CAEC18E8D3B71D59B0940D /* Handy */ = {
			isa = PBXNativeTarget;
			buildConfigurationList = F4F815090F8E66E0FE586419 /* Build configuration list for PBXNativeTarget "Handy" */;
			buildPhases = (
				DAC0C43229EB1CC7E05F35C1 /* Sources */,
				A7FFEA6BE6933996B44E6199 /* Resources */,
			);
			buildRules = (
			);
			dependencies = (
			);
			name = Handy;
			packageProductDependencies = (
			);
			productName = Handy;
			productReference = 1888ED373AFB5324E522D399 /* Handy.app */;
			productType = "com.apple.product-type.application";
		};
/* End PBXNativeTarget section */

/* Begin PBXProject section */
		CFC033FECF609120EED2B859 /* Project object */ = {
			isa = PBXProject;
			attributes = {
				BuildIndependentTargetsInParallel = YES;
				LastUpgradeCheck = 1600;
			};
			buildConfigurationList = C0141A10B1BFC1150F89BDD2 /* Build configuration list for PBXProject "Handy" */;
			developmentRegion = en;
			hasScannedForEncodings = 0;
			knownRegions = (
				Base,
				en,
			);
			mainGroup = 4B2962B88435CC33275FA3F0;
			minimizedProjectReferenceProxies = 1;
			preferredProjectObjectVersion = 77;
			productRefGroup = EB5BD9E30F130463A6A1582F /* Products */;
			projectDirPath = "";
			projectRoot = "";
			targets = (
				F5CAEC18E8D3B71D59B0940D /* Handy */,
				772B53115F65BE17D0F10695 /* HandyTests */,
			);
		};
/* End PBXProject section */

/* Begin PBXResourcesBuildPhase section */
		A7FFEA6BE6933996B44E6199 /* Resources */ = {
			isa = PBXResourcesBuildPhase;
			buildActionMask = 2147483647;
			files = (
				5F7EF9AACA3C0E10BDC97E79 /* Assets.xcassets in Resources */,
			);
			runOnlyForDeploymentPostprocessing = 0;
		};
/* End PBXResourcesBuildPhase section */

/* Begin PBXSourcesBuildPhase section */
		87DCFE17E3946F88265BAB66 /* Sources */ = {
			isa = PBXSourcesBuildPhase;
			buildActionMask = 2147483647;
			files = (
				BAAB5B142954AFAB148EB715 /* AppStateTests.swift in Sources */,
				29DF11335EFF467878DF3074 /* AudioRecorderTests.swift in Sources */,
				32A78F3FC03B2FE58BCA2B62 /* CloudProviderTests.swift in Sources */,
				60F7CD2A6A69E5534189EE69 /* CloudTranscriberTests.swift in Sources */,
				9BA6721AECE508A6F324FA18 /* ContextDetectorTests.swift in Sources */,
				5566C031ED62703C4D81CDBD /* KeychainServiceTests.swift in Sources */,
				1F6C4B65B8D3E03B384C0948 /* PasteServiceTests.swift in Sources */,
				3CC28CFA1F83F10B280B46ED /* SettingsPersistenceTests.swift in Sources */,
				35E9B091CBFBD8EC7D7D2D0C /* SettingsTests.swift in Sources */,
				48300387E970F137810287BD /* SoundPlayerTests.swift in Sources */,
				82BD350E9576A63AC380730E /* TextCleanupTests.swift in Sources */,
				B7F70E16E8945CA151862912 /* TranscriptionTests.swift in Sources */,
				04FD4852FEDF6AA32DE4C4F8 /* UpdateCheckerTests.swift in Sources */,
			);
			runOnlyForDeploymentPostprocessing = 0;
		};
		DAC0C43229EB1CC7E05F35C1 /* Sources */ = {
			isa = PBXSourcesBuildPhase;
			buildActionMask = 2147483647;
			files = (
				B3C6479FD543F0019004AD88 /* AccountView.swift in Sources */,
				C876C74AB6D1246FE0056BEE /* AppState.swift in Sources */,
				24C132B14B4C73E464ACAEEF /* AudioRecorder.swift in Sources */,
				B2AC6ABD15E9F0B8E790831E /* CleanupSettingsView.swift in Sources */,
				C141BB52A6FB9D023C7E478B /* CloudProvider.swift in Sources */,
				6063FD55F1D7463A81066B6C /* CloudTranscriber.swift in Sources */,
				1D9C2CF2312CD60640217614 /* ContextDetector.swift in Sources */,
				63E76FD9B57934D0D151C021 /* DictionaryPage.swift in Sources */,
				22535BF749A75C10D25D824F /* HandyApp.swift in Sources */,
				2E27952F22B3BBCB2C793F80 /* HomePage.swift in Sources */,
				7F20824E49BCAADA9471F5E1 /* HotkeyManager.swift in Sources */,
				3B64B7AE2F60765D008AE046 /* OnboardingView.swift in Sources */,
				D5D630819A6895460A973EC3 /* HotkeySettingsView.swift in Sources */,
				35E7CA7F777D936CD84D4B1E /* KeychainService.swift in Sources */,
				4658CAA02DCDB05A05892B94 /* LocalTranscriber.swift in Sources */,
				17D17A0BFD35B4B78176F539 /* MainWindowView.swift in Sources */,
				BCA45C87F42A550BBE97A6D7 /* MeetingNotesPage.swift in Sources */,
				08E6F12E335AEA73D7A34915 /* MenuBarView.swift in Sources */,
				244E153E0EF73650CCDB936A /* ModelManagerView.swift in Sources */,
				5E45E64144B099264D3D26C3 /* ModelsPage.swift in Sources */,
				DA037B70F15D0B0D44B42691 /* OverlaySettingsView.swift in Sources */,
				95EA466C76EAC47FC1711E7D /* PasteService.swift in Sources */,
				45A3AEF828CA60D8247A1370 /* RecordingOverlay.swift in Sources */,
				F95A7FCB91A6E50708C5E06A /* Settings.swift in Sources */,
				3B64B7A62F6041AC008AE046 /* GlassModifiers.swift in Sources */,
				22D6604BAC731FBB5EC4BFC7 /* SettingsPage.swift in Sources */,
				C7429F1F67FAF5DA06F20738 /* SettingsPersistence.swift in Sources */,
				7DF945B49113A2C982699D74 /* SettingsView.swift in Sources */,
				07253F52A6A1DB72EA3DED03 /* SoundPlayer.swift in Sources */,
				9AC7E070B2AEA1B99FB3BCA9 /* SoundSettingsView.swift in Sources */,
				010CFB0B4DFB49F0AE5FCEEC /* SupabaseManager.swift in Sources */,
				93E534A1D5C12E947FBB5636 /* TextCleanup.swift in Sources */,
				F48001F89120077A08E8ADB6 /* TranscribePage.swift in Sources */,
				29BA7C8E3F91C38189B30F0A /* Transcription.swift in Sources */,
				E1CE6D2135A7AA75298CB4E1 /* TranscriptionSettingsView.swift in Sources */,
				1B3A1FF4765C36046D47696A /* UpdateChecker.swift in Sources */,
				66A2BFC6A8C3541690094A0E /* UserDataManager.swift in Sources */,
				A1CAD3D8CE23F06CFF82AD8E /* WaveformView.swift in Sources */,
			);
			runOnlyForDeploymentPostprocessing = 0;
		};
/* End PBXSourcesBuildPhase section */

/* Begin PBXTargetDependency section */
		8867BCF51012340EFC656D30 /* PBXTargetDependency */ = {
			isa = PBXTargetDependency;
			target = F5CAEC18E8D3B71D59B0940D /* Handy */;
			targetProxy = D87A81F9B7404421A083888A /* PBXContainerItemProxy */;
		};
/* End PBXTargetDependency section */

/* Begin XCBuildConfiguration section */
		1CD3228430C7F90A84B6040D /* Debug */ = {
			isa = XCBuildConfiguration;
			buildSettings = {
				ALWAYS_SEARCH_USER_PATHS = NO;
				CLANG_ANALYZER_NONNULL = YES;
				CLANG_ANALYZER_NUMBER_OBJECT_CONVERSION = YES_AGGRESSIVE;
				CLANG_CXX_LANGUAGE_STANDARD = "gnu++14";
				CLANG_CXX_LIBRARY = "libc++";
				CLANG_ENABLE_MODULES = YES;
				CLANG_ENABLE_OBJC_ARC = YES;
				CLANG_ENABLE_OBJC_WEAK = YES;
				CLANG_WARN_BLOCK_CAPTURE_AUTORELEASING = YES;
				CLANG_WARN_BOOL_CONVERSION = YES;
				CLANG_WARN_COMMA = YES;
				CLANG_WARN_CONSTANT_CONVERSION = YES;
				CLANG_WARN_DEPRECATED_OBJC_IMPLEMENTATIONS = YES;
				CLANG_WARN_DIRECT_OBJC_ISA_USAGE = YES_ERROR;
				CLANG_WARN_DOCUMENTATION_COMMENTS = YES;
				CLANG_WARN_EMPTY_BODY = YES;
				CLANG_WARN_ENUM_CONVERSION = YES;
				CLANG_WARN_INFINITE_RECURSION = YES;
				CLANG_WARN_INT_CONVERSION = YES;
				CLANG_WARN_NON_LITERAL_NULL_CONVERSION = YES;
				CLANG_WARN_OBJC_IMPLICIT_RETAIN_SELF = YES;
				CLANG_WARN_OBJC_LITERAL_CONVERSION = YES;
				CLANG_WARN_OBJC_ROOT_CLASS = YES_ERROR;
				CLANG_WARN_QUOTED_INCLUDE_IN_FRAMEWORK_HEADER = YES;
				CLANG_WARN_RANGE_LOOP_ANALYSIS = YES;
				CLANG_WARN_STRICT_PROTOTYPES = YES;
				CLANG_WARN_SUSPICIOUS_MOVE = YES;
				CLANG_WARN_UNGUARDED_AVAILABILITY = YES_AGGRESSIVE;
				CLANG_WARN_UNREACHABLE_CODE = YES;
				CLANG_WARN__DUPLICATE_METHOD_MATCH = YES;
				COPY_PHASE_STRIP = NO;
				DEBUG_INFORMATION_FORMAT = dwarf;
				ENABLE_STRICT_OBJC_MSGSEND = YES;
				ENABLE_TESTABILITY = YES;
				GCC_C_LANGUAGE_STANDARD = gnu11;
				GCC_DYNAMIC_NO_PIC = NO;
				GCC_NO_COMMON_BLOCKS = YES;
				GCC_OPTIMIZATION_LEVEL = 0;
				GCC_PREPROCESSOR_DEFINITIONS = (
					"$(inherited)",
					"DEBUG=1",
				);
				GCC_WARN_64_TO_32_BIT_CONVERSION = YES;
				GCC_WARN_ABOUT_RETURN_TYPE = YES_ERROR;
				GCC_WARN_UNDECLARED_SELECTOR = YES;
				GCC_WARN_UNINITIALIZED_AUTOS = YES_AGGRESSIVE;
				GCC_WARN_UNUSED_FUNCTION = YES;
				GCC_WARN_UNUSED_VARIABLE = YES;
				MACOSX_DEPLOYMENT_TARGET = 15.0;
				MTL_ENABLE_DEBUG_INFO = INCLUDE_SOURCE;
				MTL_FAST_MATH = YES;
				ONLY_ACTIVE_ARCH = YES;
				PRODUCT_NAME = "$(TARGET_NAME)";
				SDKROOT = macosx;
				SWIFT_ACTIVE_COMPILATION_CONDITIONS = DEBUG;
				SWIFT_OPTIMIZATION_LEVEL = "-Onone";
				SWIFT_VERSION = 6.0;
			};
			name = Debug;
		};
		296F04D6F34800F263A82D0E /* Debug */ = {
			isa = XCBuildConfiguration;
			buildSettings = {
				BUNDLE_LOADER = "$(TEST_HOST)";
				COMBINE_HIDPI_IMAGES = YES;
				GENERATE_INFOPLIST_FILE = YES;
				LD_RUNPATH_SEARCH_PATHS = (
					"$(inherited)",
					"@executable_path/../Frameworks",
					"@loader_path/../Frameworks",
				);
				PRODUCT_BUNDLE_IDENTIFIER = com.handy.app.tests;
				SDKROOT = macosx;
				TEST_HOST = "$(BUILT_PRODUCTS_DIR)/Handy.app/Contents/MacOS/Handy";
			};
			name = Debug;
		};
		3823B476FE13EBBE21CFECE7 /* Release */ = {
			isa = XCBuildConfiguration;
			buildSettings = {
				ALWAYS_SEARCH_USER_PATHS = NO;
				CLANG_ANALYZER_NONNULL = YES;
				CLANG_ANALYZER_NUMBER_OBJECT_CONVERSION = YES_AGGRESSIVE;
				CLANG_CXX_LANGUAGE_STANDARD = "gnu++14";
				CLANG_CXX_LIBRARY = "libc++";
				CLANG_ENABLE_MODULES = YES;
				CLANG_ENABLE_OBJC_ARC = YES;
				CLANG_ENABLE_OBJC_WEAK = YES;
				CLANG_WARN_BLOCK_CAPTURE_AUTORELEASING = YES;
				CLANG_WARN_BOOL_CONVERSION = YES;
				CLANG_WARN_COMMA = YES;
				CLANG_WARN_CONSTANT_CONVERSION = YES;
				CLANG_WARN_DEPRECATED_OBJC_IMPLEMENTATIONS = YES;
				CLANG_WARN_DIRECT_OBJC_ISA_USAGE = YES_ERROR;
				CLANG_WARN_DOCUMENTATION_COMMENTS = YES;
				CLANG_WARN_EMPTY_BODY = YES;
				CLANG_WARN_ENUM_CONVERSION = YES;
				CLANG_WARN_INFINITE_RECURSION = YES;
				CLANG_WARN_INT_CONVERSION = YES;
				CLANG_WARN_NON_LITERAL_NULL_CONVERSION = YES;
				CLANG_WARN_OBJC_IMPLICIT_RETAIN_SELF = YES;
				CLANG_WARN_OBJC_LITERAL_CONVERSION = YES;
				CLANG_WARN_OBJC_ROOT_CLASS = YES_ERROR;
				CLANG_WARN_QUOTED_INCLUDE_IN_FRAMEWORK_HEADER = YES;
				CLANG_WARN_RANGE_LOOP_ANALYSIS = YES;
				CLANG_WARN_STRICT_PROTOTYPES = YES;
				CLANG_WARN_SUSPICIOUS_MOVE = YES;
				CLANG_WARN_UNGUARDED_AVAILABILITY = YES_AGGRESSIVE;
				CLANG_WARN_UNREACHABLE_CODE = YES;
				CLANG_WARN__DUPLICATE_METHOD_MATCH = YES;
				COPY_PHASE_STRIP = NO;
				DEBUG_INFORMATION_FORMAT = "dwarf-with-dsym";
				ENABLE_NS_ASSERTIONS = NO;
				ENABLE_STRICT_OBJC_MSGSEND = YES;
				GCC_C_LANGUAGE_STANDARD = gnu11;
				GCC_NO_COMMON_BLOCKS = YES;
				GCC_WARN_64_TO_32_BIT_CONVERSION = YES;
				GCC_WARN_ABOUT_RETURN_TYPE = YES_ERROR;
				GCC_WARN_UNDECLARED_SELECTOR = YES;
				GCC_WARN_UNINITIALIZED_AUTOS = YES_AGGRESSIVE;
				GCC_WARN_UNUSED_FUNCTION = YES;
				GCC_WARN_UNUSED_VARIABLE = YES;
				MACOSX_DEPLOYMENT_TARGET = 15.0;
				MTL_ENABLE_DEBUG_INFO = NO;
				MTL_FAST_MATH = YES;
				PRODUCT_NAME = "$(TARGET_NAME)";
				SDKROOT = macosx;
				SWIFT_COMPILATION_MODE = wholemodule;
				SWIFT_OPTIMIZATION_LEVEL = "-O";
				SWIFT_VERSION = 6.0;
			};
			name = Release;
		};
		3BA4ABD30BDDC95B00F0E83B /* Release */ = {
			isa = XCBuildConfiguration;
			buildSettings = {
				ASSETCATALOG_COMPILER_APPICON_NAME = AppIcon;
				CODE_SIGN_ENTITLEMENTS = Handy/Handy.entitlements;
				COMBINE_HIDPI_IMAGES = YES;
				CURRENT_PROJECT_VERSION = 1;
				ENABLE_APP_SANDBOX = NO;
				GENERATE_INFOPLIST_FILE = NO;
				INFOPLIST_FILE = Handy/Info.plist;
				LD_RUNPATH_SEARCH_PATHS = (
					"$(inherited)",
					"@executable_path/../Frameworks",
				);
				MARKETING_VERSION = 2.0.0;
				PRODUCT_BUNDLE_IDENTIFIER = com.handy.app;
				PRODUCT_NAME = Handy;
				SDKROOT = macosx;
			};
			name = Release;
		};
		67D6D6FFF22B2552EC3E7FBD /* Release */ = {
			isa = XCBuildConfiguration;
			buildSettings = {
				BUNDLE_LOADER = "$(TEST_HOST)";
				COMBINE_HIDPI_IMAGES = YES;
				GENERATE_INFOPLIST_FILE = YES;
				LD_RUNPATH_SEARCH_PATHS = (
					"$(inherited)",
					"@executable_path/../Frameworks",
					"@loader_path/../Frameworks",
				);
				PRODUCT_BUNDLE_IDENTIFIER = com.handy.app.tests;
				SDKROOT = macosx;
				TEST_HOST = "$(BUILT_PRODUCTS_DIR)/Handy.app/Contents/MacOS/Handy";
			};
			name = Release;
		};
		B6B0131E672546501422A217 /* Debug */ = {
			isa = XCBuildConfiguration;
			buildSettings = {
				ASSETCATALOG_COMPILER_APPICON_NAME = AppIcon;
				CODE_SIGN_ENTITLEMENTS = Handy/Handy.entitlements;
				COMBINE_HIDPI_IMAGES = YES;
				CURRENT_PROJECT_VERSION = 1;
				ENABLE_APP_SANDBOX = NO;
				GENERATE_INFOPLIST_FILE = NO;
				INFOPLIST_FILE = Handy/Info.plist;
				LD_RUNPATH_SEARCH_PATHS = (
					"$(inherited)",
					"@executable_path/../Frameworks",
				);
				MARKETING_VERSION = 2.0.0;
				PRODUCT_BUNDLE_IDENTIFIER = com.handy.app;
				PRODUCT_NAME = Handy;
				SDKROOT = macosx;
			};
			name = Debug;
		};
/* End XCBuildConfiguration section */

/* Begin XCConfigurationList section */
		C0141A10B1BFC1150F89BDD2 /* Build configuration list for PBXProject "Handy" */ = {
			isa = XCConfigurationList;
			buildConfigurations = (
				1CD3228430C7F90A84B6040D /* Debug */,
				3823B476FE13EBBE21CFECE7 /* Release */,
			);
			defaultConfigurationIsVisible = 0;
			defaultConfigurationName = Debug;
		};
		CBCCD38A60CF160367B65963 /* Build configuration list for PBXNativeTarget "HandyTests" */ = {
			isa = XCConfigurationList;
			buildConfigurations = (
				296F04D6F34800F263A82D0E /* Debug */,
				67D6D6FFF22B2552EC3E7FBD /* Release */,
			);
			defaultConfigurationIsVisible = 0;
			defaultConfigurationName = Debug;
		};
		F4F815090F8E66E0FE586419 /* Build configuration list for PBXNativeTarget "Handy" */ = {
			isa = XCConfigurationList;
			buildConfigurations = (
				B6B0131E672546501422A217 /* Debug */,
				3BA4ABD30BDDC95B00F0E83B /* Release */,
			);
			defaultConfigurationIsVisible = 0;
			defaultConfigurationName = Debug;
		};
/* End XCConfigurationList section */
	};
	rootObject = CFC033FECF609120EED2B859 /* Project object */;
}
